{
  "version": 4,
  "terraform_version": "1.6.6",
  "serial": 495,
  "lineage": "76a24414-734c-6e7a-c1af-149ddf2126ee",
  "outputs": {},
  "resources": [
    {
      "mode": "managed",
      "type": "azurerm_network_interface",
      "name": "myterraformnic",
      "provider": "provider[\"registry.terraform.io/hashicorp/azurerm\"]",
      "instances": [
        {
          "index_key": 1,
          "schema_version": 0,
          "attributes": {
            "applied_dns_servers": [],
            "auxiliary_mode": "",
            "auxiliary_sku": "",
            "dns_servers": [],
            "edge_zone": "",
            "enable_accelerated_networking": false,
            "enable_ip_forwarding": false,
            "id": "/subscriptions/83316a40-5757-40fd-8e78-645eefac51b6/resourceGroups/Azuredevops/providers/Microsoft.Network/networkInterfaces/myNIC-assign-1",
            "internal_dns_name_label": "",
            "internal_domain_name_suffix": "50t1jdh5kdxenbjo55cp5qwxee.bx.internal.cloudapp.net",
            "ip_configuration": [
              {
                "gateway_load_balancer_frontend_ip_configuration_id": "",
                "name": "myNicConfiguration-assign-1",
                "primary": true,
                "private_ip_address": "10.0.1.4",
                "private_ip_address_allocation": "Dynamic",
                "private_ip_address_version": "IPv4",
                "public_ip_address_id": "/subscriptions/83316a40-5757-40fd-8e78-645eefac51b6/resourceGroups/Azuredevops/providers/Microsoft.Network/publicIPAddresses/myPublicIP-assign-1",
                "subnet_id": "/subscriptions/83316a40-5757-40fd-8e78-645eefac51b6/resourceGroups/Azuredevops/providers/Microsoft.Network/virtualNetworks/myVnet-assign2/subnets/mySubnet-assign2"
              }
            ],
            "location": "eastus",
            "mac_address": "",
            "name": "myNIC-assign-1",
            "private_ip_address": "10.0.1.4",
            "private_ip_addresses": [
              "10.0.1.4"
            ],
            "resource_group_name": "Azuredevops",
            "tags": {
              "source": "NghiaUdacitylab"
            },
            "timeouts": null,
            "virtual_machine_id": "/subscriptions/83316a40-5757-40fd-8e78-645eefac51b6/resourceGroups/Azuredevops/providers/Microsoft.Compute/virtualMachines/udacity-vm-lab-1"
          },
          "sensitive_attributes": [],
          "private": "eyJlMmJmYjczMC1lY2FhLTExZTYtOGY4OC0zNDM2M2JjN2M0YzAiOnsiY3JlYXRlIjoxODAwMDAwMDAwMDAwLCJkZWxldGUiOjE4MDAwMDAwMDAwMDAsInJlYWQiOjMwMDAwMDAwMDAwMCwidXBkYXRlIjoxODAwMDAwMDAwMDAwfX0=",
          "dependencies": [
            "azurerm_public_ip.myterraformpublicip3",
            "azurerm_subnet.myterraformsubnet",
            "azurerm_virtual_network.myterraformnetwork"
          ]
        },
        {
          "index_key": 2,
          "schema_version": 0,
          "attributes": {
            "applied_dns_servers": [],
            "auxiliary_mode": "",
            "auxiliary_sku": "",
            "dns_servers": [],
            "edge_zone": "",
            "enable_accelerated_networking": false,
            "enable_ip_forwarding": false,
            "id": "/subscriptions/83316a40-5757-40fd-8e78-645eefac51b6/resourceGroups/Azuredevops/providers/Microsoft.Network/networkInterfaces/myNIC-assign-2",
            "internal_dns_name_label": "",
            "internal_domain_name_suffix": "50t1jdh5kdxenbjo55cp5qwxee.bx.internal.cloudapp.net",
            "ip_configuration": [
              {
                "gateway_load_balancer_frontend_ip_configuration_id": "",
                "name": "myNicConfiguration-assign-2",
                "primary": true,
                "private_ip_address": "10.0.1.5",
                "private_ip_address_allocation": "Dynamic",
                "private_ip_address_version": "IPv4",
                "public_ip_address_id": "/subscriptions/83316a40-5757-40fd-8e78-645eefac51b6/resourceGroups/Azuredevops/providers/Microsoft.Network/publicIPAddresses/myPublicIP-assign-2",
                "subnet_id": "/subscriptions/83316a40-5757-40fd-8e78-645eefac51b6/resourceGroups/Azuredevops/providers/Microsoft.Network/virtualNetworks/myVnet-assign2/subnets/mySubnet-assign2"
              }
            ],
            "location": "eastus",
            "mac_address": "",
            "name": "myNIC-assign-2",
            "private_ip_address": "10.0.1.5",
            "private_ip_addresses": [
              "10.0.1.5"
            ],
            "resource_group_name": "Azuredevops",
            "tags": {
              "source": "NghiaUdacitylab"
            },
            "timeouts": null,
            "virtual_machine_id": "/subscriptions/83316a40-5757-40fd-8e78-645eefac51b6/resourceGroups/Azuredevops/providers/Microsoft.Compute/virtualMachines/udacity-vm-lab-2"
          },
          "sensitive_attributes": [],
          "private": "eyJlMmJmYjczMC1lY2FhLTExZTYtOGY4OC0zNDM2M2JjN2M0YzAiOnsiY3JlYXRlIjoxODAwMDAwMDAwMDAwLCJkZWxldGUiOjE4MDAwMDAwMDAwMDAsInJlYWQiOjMwMDAwMDAwMDAwMCwidXBkYXRlIjoxODAwMDAwMDAwMDAwfX0=",
          "dependencies": [
            "azurerm_public_ip.myterraformpublicip3",
            "azurerm_subnet.myterraformsubnet",
            "azurerm_virtual_network.myterraformnetwork"
          ]
        }
      ]
    },
    {
      "mode": "managed",
      "type": "azurerm_public_ip",
      "name": "myterraformpublicip3",
      "provider": "provider[\"registry.terraform.io/hashicorp/azurerm\"]",
      "instances": [
        {
          "index_key": 1,
          "schema_version": 0,
          "attributes": {
            "allocation_method": "Dynamic",
            "ddos_protection_mode": "VirtualNetworkInherited",
            "ddos_protection_plan_id": null,
            "domain_name_label": null,
            "edge_zone": "",
            "fqdn": null,
            "id": "/subscriptions/83316a40-5757-40fd-8e78-645eefac51b6/resourceGroups/Azuredevops/providers/Microsoft.Network/publicIPAddresses/myPublicIP-assign-1",
            "idle_timeout_in_minutes": 4,
            "ip_address": "",
            "ip_tags": {},
            "ip_version": "IPv4",
            "location": "eastus",
            "name": "myPublicIP-assign-1",
            "public_ip_prefix_id": null,
            "resource_group_name": "Azuredevops",
            "reverse_fqdn": null,
            "sku": "Basic",
            "sku_tier": "Regional",
            "tags": {
              "source": "NghiaUdacitylab"
            },
            "timeouts": null,
            "zones": []
          },
          "sensitive_attributes": [],
          "private": "eyJlMmJmYjczMC1lY2FhLTExZTYtOGY4OC0zNDM2M2JjN2M0YzAiOnsiY3JlYXRlIjoxODAwMDAwMDAwMDAwLCJkZWxldGUiOjE4MDAwMDAwMDAwMDAsInJlYWQiOjMwMDAwMDAwMDAwMCwidXBkYXRlIjoxODAwMDAwMDAwMDAwfX0="
        },
        {
          "index_key": 2,
          "schema_version": 0,
          "attributes": {
            "allocation_method": "Dynamic",
            "ddos_protection_mode": "VirtualNetworkInherited",
            "ddos_protection_plan_id": null,
            "domain_name_label": null,
            "edge_zone": "",
            "fqdn": null,
            "id": "/subscriptions/83316a40-5757-40fd-8e78-645eefac51b6/resourceGroups/Azuredevops/providers/Microsoft.Network/publicIPAddresses/myPublicIP-assign-2",
            "idle_timeout_in_minutes": 4,
            "ip_address": "",
            "ip_tags": {},
            "ip_version": "IPv4",
            "location": "eastus",
            "name": "myPublicIP-assign-2",
            "public_ip_prefix_id": null,
            "resource_group_name": "Azuredevops",
            "reverse_fqdn": null,
            "sku": "Basic",
            "sku_tier": "Regional",
            "tags": {
              "source": "NghiaUdacitylab"
            },
            "timeouts": null,
            "zones": []
          },
          "sensitive_attributes": [],
          "private": "eyJlMmJmYjczMC1lY2FhLTExZTYtOGY4OC0zNDM2M2JjN2M0YzAiOnsiY3JlYXRlIjoxODAwMDAwMDAwMDAwLCJkZWxldGUiOjE4MDAwMDAwMDAwMDAsInJlYWQiOjMwMDAwMDAwMDAwMCwidXBkYXRlIjoxODAwMDAwMDAwMDAwfX0="
        }
      ]
    },
    {
      "mode": "managed",
      "type": "azurerm_subnet",
      "name": "myterraformsubnet",
      "provider": "provider[\"registry.terraform.io/hashicorp/azurerm\"]",
      "instances": [
        {
          "schema_version": 0,
          "attributes": {
            "address_prefixes": [
              "10.0.1.0/24"
            ],
            "delegation": [],
            "enforce_private_link_endpoint_network_policies": false,
            "enforce_private_link_service_network_policies": false,
            "id": "/subscriptions/83316a40-5757-40fd-8e78-645eefac51b6/resourceGroups/Azuredevops/providers/Microsoft.Network/virtualNetworks/myVnet-assign2/subnets/mySubnet-assign2",
            "name": "mySubnet-assign2",
            "private_endpoint_network_policies_enabled": true,
            "private_link_service_network_policies_enabled": true,
            "resource_group_name": "Azuredevops",
            "service_endpoint_policy_ids": [],
            "service_endpoints": [],
            "timeouts": null,
            "virtual_network_name": "myVnet-assign2"
          },
          "sensitive_attributes": [],
          "private": "eyJlMmJmYjczMC1lY2FhLTExZTYtOGY4OC0zNDM2M2JjN2M0YzAiOnsiY3JlYXRlIjoxODAwMDAwMDAwMDAwLCJkZWxldGUiOjE4MDAwMDAwMDAwMDAsInJlYWQiOjMwMDAwMDAwMDAwMCwidXBkYXRlIjoxODAwMDAwMDAwMDAwfX0=",
          "dependencies": [
            "azurerm_virtual_network.myterraformnetwork"
          ]
        }
      ]
    },
    {
      "mode": "managed",
      "type": "azurerm_virtual_network",
      "name": "myterraformnetwork",
      "provider": "provider[\"registry.terraform.io/hashicorp/azurerm\"]",
      "instances": [
        {
          "schema_version": 0,
          "attributes": {
            "address_space": [
              "10.0.0.0/16"
            ],
            "bgp_community": "",
            "ddos_protection_plan": [],
            "dns_servers": [],
            "edge_zone": "",
            "encryption": [],
            "flow_timeout_in_minutes": 0,
            "guid": "8cb4a7fe-50ff-46ee-852e-ffc4ffc2d724",
            "id": "/subscriptions/83316a40-5757-40fd-8e78-645eefac51b6/resourceGroups/Azuredevops/providers/Microsoft.Network/virtualNetworks/myVnet-assign2",
            "location": "eastus",
            "name": "myVnet-assign2",
            "resource_group_name": "Azuredevops",
            "subnet": [
              {
                "address_prefix": "10.0.1.0/24",
                "id": "/subscriptions/83316a40-5757-40fd-8e78-645eefac51b6/resourceGroups/Azuredevops/providers/Microsoft.Network/virtualNetworks/myVnet-assign2/subnets/mySubnet-assign2",
                "name": "mySubnet-assign2",
                "security_group": "/subscriptions/83316a40-5757-40fd-8e78-645eefac51b6/resourceGroups/Azuredevops/providers/Microsoft.Network/networkSecurityGroups/myNSG-assign2"
              }
            ],
            "tags": {
              "source": "NghiaUdacitylab"
            },
            "timeouts": null
          },
          "sensitive_attributes": [],
          "private": "eyJlMmJmYjczMC1lY2FhLTExZTYtOGY4OC0zNDM2M2JjN2M0YzAiOnsiY3JlYXRlIjoxODAwMDAwMDAwMDAwLCJkZWxldGUiOjE4MDAwMDAwMDAwMDAsInJlYWQiOjMwMDAwMDAwMDAwMCwidXBkYXRlIjoxODAwMDAwMDAwMDAwfX0="
        }
      ]
    }
  ],
  "check_results": null
}
