{
  "version": 4,
  "terraform_version": "1.6.6",
  "serial": 175,
  "lineage": "76a24414-734c-6e7a-c1af-149ddf2126ee",
  "outputs": {},
  "resources": [
    {
      "mode": "data",
      "type": "azurerm_image",
      "name": "custom",
      "provider": "provider[\"registry.terraform.io/hashicorp/azurerm\"]",
      "instances": [
        {
          "schema_version": 0,
          "attributes": {
            "data_disk": [],
            "id": "/subscriptions/e2c7cd99-c3c5-4a90-9109-02e7d50f8311/resourceGroups/Azuredevops/providers/Microsoft.Compute/images/myPackerImage",
            "location": "eastus",
            "name": "myPackerImage",
            "name_regex": null,
            "os_disk": [
              {
                "blob_uri": "",
                "caching": "ReadWrite",
                "managed_disk_id": "/subscriptions/e2c7cd99-c3c5-4a90-9109-02e7d50f8311/resourceGroups/pkr-Resource-Group-ndx9s2zkx6/providers/Microsoft.Compute/disks/pkrosndx9s2zkx6",
                "os_state": "Generalized",
                "os_type": "Linux",
                "size_gb": 30
              }
            ],
            "resource_group_name": "Azuredevops",
            "sort_descending": false,
            "tags": {
              "created_by": "Packerrr",
              "source": "NghiaUdacitylab"
            },
            "timeouts": null,
            "zone_resilient": false
          },
          "sensitive_attributes": []
        }
      ]
    },
    {
      "mode": "managed",
      "type": "azurerm_network_interface",
      "name": "myterraformnic",
      "provider": "provider[\"registry.terraform.io/hashicorp/azurerm\"]",
      "instances": [
        {
          "schema_version": 0,
          "attributes": {
            "applied_dns_servers": [],
            "auxiliary_mode": "",
            "auxiliary_sku": "",
            "dns_servers": [],
            "edge_zone": "",
            "enable_accelerated_networking": false,
            "enable_ip_forwarding": false,
            "id": "/subscriptions/e2c7cd99-c3c5-4a90-9109-02e7d50f8311/resourceGroups/Azuredevops/providers/Microsoft.Network/networkInterfaces/myNIC-assign2",
            "internal_dns_name_label": "",
            "internal_domain_name_suffix": "yhykqdjtslhedpb2wihh1gj12c.bx.internal.cloudapp.net",
            "ip_configuration": [
              {
                "gateway_load_balancer_frontend_ip_configuration_id": "",
                "name": "myNicConfiguration-assign2",
                "primary": true,
                "private_ip_address": "10.0.1.5",
                "private_ip_address_allocation": "Dynamic",
                "private_ip_address_version": "IPv4",
                "public_ip_address_id": "/subscriptions/e2c7cd99-c3c5-4a90-9109-02e7d50f8311/resourceGroups/Azuredevops/providers/Microsoft.Network/publicIPAddresses/myPublicIP-assign3",
                "subnet_id": "/subscriptions/e2c7cd99-c3c5-4a90-9109-02e7d50f8311/resourceGroups/Azuredevops/providers/Microsoft.Network/virtualNetworks/myVnet-assign2/subnets/mySubnet-assign2"
              }
            ],
            "location": "eastus",
            "mac_address": "00-0D-3A-15-DB-C9",
            "name": "myNIC-assign2",
            "private_ip_address": "10.0.1.5",
            "private_ip_addresses": [
              "10.0.1.5"
            ],
            "resource_group_name": "Azuredevops",
            "tags": {
              "source": "NghiaUdacitylab"
            },
            "timeouts": null,
            "virtual_machine_id": "/subscriptions/e2c7cd99-c3c5-4a90-9109-02e7d50f8311/resourceGroups/Azuredevops/providers/Microsoft.Compute/virtualMachines/udacity-vm-lab"
          },
          "sensitive_attributes": [],
          "private": "eyJlMmJmYjczMC1lY2FhLTExZTYtOGY4OC0zNDM2M2JjN2M0YzAiOnsiY3JlYXRlIjoxODAwMDAwMDAwMDAwLCJkZWxldGUiOjE4MDAwMDAwMDAwMDAsInJlYWQiOjMwMDAwMDAwMDAwMCwidXBkYXRlIjoxODAwMDAwMDAwMDAwfX0=",
          "dependencies": [
            "azurerm_public_ip.myterraformpublicip3",
            "azurerm_subnet.myterraformsubnet",
            "azurerm_virtual_network.myterraformnetwork"
          ]
        }
      ]
    },
    {
      "mode": "managed",
      "type": "azurerm_public_ip",
      "name": "myterraformpublicip3",
      "provider": "provider[\"registry.terraform.io/hashicorp/azurerm\"]",
      "instances": [
        {
          "schema_version": 0,
          "attributes": {
            "allocation_method": "Dynamic",
            "ddos_protection_mode": "VirtualNetworkInherited",
            "ddos_protection_plan_id": null,
            "domain_name_label": null,
            "edge_zone": "",
            "fqdn": null,
            "id": "/subscriptions/e2c7cd99-c3c5-4a90-9109-02e7d50f8311/resourceGroups/Azuredevops/providers/Microsoft.Network/publicIPAddresses/myPublicIP-assign3",
            "idle_timeout_in_minutes": 4,
            "ip_address": "52.168.144.222",
            "ip_tags": {},
            "ip_version": "IPv4",
            "location": "eastus",
            "name": "myPublicIP-assign3",
            "public_ip_prefix_id": null,
            "resource_group_name": "Azuredevops",
            "reverse_fqdn": null,
            "sku": "Basic",
            "sku_tier": "Regional",
            "tags": {
              "source": "NghiaUdacitylab"
            },
            "timeouts": null,
            "zones": []
          },
          "sensitive_attributes": [],
          "private": "eyJlMmJmYjczMC1lY2FhLTExZTYtOGY4OC0zNDM2M2JjN2M0YzAiOnsiY3JlYXRlIjoxODAwMDAwMDAwMDAwLCJkZWxldGUiOjE4MDAwMDAwMDAwMDAsInJlYWQiOjMwMDAwMDAwMDAwMCwidXBkYXRlIjoxODAwMDAwMDAwMDAwfX0="
        }
      ]
    },
    {
      "mode": "managed",
      "type": "azurerm_subnet",
      "name": "myterraformsubnet",
      "provider": "provider[\"registry.terraform.io/hashicorp/azurerm\"]",
      "instances": [
        {
          "schema_version": 0,
          "attributes": {
            "address_prefixes": [
              "10.0.1.0/24"
            ],
            "delegation": [],
            "enforce_private_link_endpoint_network_policies": false,
            "enforce_private_link_service_network_policies": false,
            "id": "/subscriptions/e2c7cd99-c3c5-4a90-9109-02e7d50f8311/resourceGroups/Azuredevops/providers/Microsoft.Network/virtualNetworks/myVnet-assign2/subnets/mySubnet-assign2",
            "name": "mySubnet-assign2",
            "private_endpoint_network_policies_enabled": true,
            "private_link_service_network_policies_enabled": true,
            "resource_group_name": "Azuredevops",
            "service_endpoint_policy_ids": [],
            "service_endpoints": [],
            "timeouts": null,
            "virtual_network_name": "myVnet-assign2"
          },
          "sensitive_attributes": [],
          "private": "eyJlMmJmYjczMC1lY2FhLTExZTYtOGY4OC0zNDM2M2JjN2M0YzAiOnsiY3JlYXRlIjoxODAwMDAwMDAwMDAwLCJkZWxldGUiOjE4MDAwMDAwMDAwMDAsInJlYWQiOjMwMDAwMDAwMDAwMCwidXBkYXRlIjoxODAwMDAwMDAwMDAwfX0=",
          "dependencies": [
            "azurerm_virtual_network.myterraformnetwork"
          ]
        }
      ]
    },
    {
      "mode": "managed",
      "type": "azurerm_virtual_machine",
      "name": "udacity-vm-lab",
      "provider": "provider[\"registry.terraform.io/hashicorp/azurerm\"]",
      "instances": [
        {
          "index_key": 0,
          "schema_version": 0,
          "attributes": {
            "additional_capabilities": [],
            "availability_set_id": null,
            "boot_diagnostics": [],
            "delete_data_disks_on_termination": false,
            "delete_os_disk_on_termination": false,
            "id": "/subscriptions/e2c7cd99-c3c5-4a90-9109-02e7d50f8311/resourceGroups/Azuredevops/providers/Microsoft.Compute/virtualMachines/udacity-vm-lab",
            "identity": [],
            "license_type": null,
            "location": "eastus",
            "name": "udacity-vm-lab",
            "network_interface_ids": [
              "/subscriptions/e2c7cd99-c3c5-4a90-9109-02e7d50f8311/resourceGroups/Azuredevops/providers/Microsoft.Network/networkInterfaces/myNIC-assign2"
            ],
            "os_profile": [
              {
                "admin_password": "",
                "admin_username": "labadmin",
                "computer_name": "udacity-vm-lab",
                "custom_data": ""
              }
            ],
            "os_profile_linux_config": [
              {
                "disable_password_authentication": false,
                "ssh_keys": []
              }
            ],
            "os_profile_secrets": [],
            "os_profile_windows_config": [],
            "plan": [],
            "primary_network_interface_id": null,
            "proximity_placement_group_id": null,
            "resource_group_name": "Azuredevops",
            "storage_data_disk": [],
            "storage_image_reference": [
              {
                "id": "/subscriptions/e2c7cd99-c3c5-4a90-9109-02e7d50f8311/resourceGroups/Azuredevops/providers/Microsoft.Compute/images/myPackerImage",
                "offer": "",
                "publisher": "",
                "sku": "",
                "version": ""
              }
            ],
            "storage_os_disk": [
              {
                "caching": "ReadWrite",
                "create_option": "FromImage",
                "disk_size_gb": 30,
                "image_uri": "",
                "managed_disk_id": "/subscriptions/e2c7cd99-c3c5-4a90-9109-02e7d50f8311/resourceGroups/Azuredevops/providers/Microsoft.Compute/disks/myOsDisk-assign",
                "managed_disk_type": "Standard_LRS",
                "name": "myOsDisk-assign",
                "os_type": "Linux",
                "vhd_uri": "",
                "write_accelerator_enabled": false
              }
            ],
            "tags": {
              "source": "NghiaUdacitylab"
            },
            "timeouts": null,
            "vm_size": "Standard_B2ms",
            "zones": []
          },
          "sensitive_attributes": [],
          "private": "eyJlMmJmYjczMC1lY2FhLTExZTYtOGY4OC0zNDM2M2JjN2M0YzAiOnsiY3JlYXRlIjozNjAwMDAwMDAwMDAwLCJkZWxldGUiOjM2MDAwMDAwMDAwMDAsInJlYWQiOjMwMDAwMDAwMDAwMCwidXBkYXRlIjozNjAwMDAwMDAwMDAwfX0=",
          "dependencies": [
            "azurerm_network_interface.myterraformnic",
            "azurerm_public_ip.myterraformpublicip3",
            "azurerm_subnet.myterraformsubnet",
            "azurerm_virtual_network.myterraformnetwork",
            "data.azurerm_image.custom"
          ]
        },
        {
          "index_key": 1,
          "schema_version": 0,
          "attributes": {
            "additional_capabilities": [],
            "availability_set_id": null,
            "boot_diagnostics": [],
            "delete_data_disks_on_termination": false,
            "delete_os_disk_on_termination": false,
            "id": "/subscriptions/e2c7cd99-c3c5-4a90-9109-02e7d50f8311/resourceGroups/Azuredevops/providers/Microsoft.Compute/virtualMachines/udacity-vm-lab",
            "identity": [],
            "license_type": null,
            "location": "eastus",
            "name": "udacity-vm-lab",
            "network_interface_ids": [
              "/subscriptions/e2c7cd99-c3c5-4a90-9109-02e7d50f8311/resourceGroups/Azuredevops/providers/Microsoft.Network/networkInterfaces/myNIC-assign2"
            ],
            "os_profile": [
              {
                "admin_password": "",
                "admin_username": "labadmin",
                "computer_name": "udacity-vm-lab",
                "custom_data": ""
              }
            ],
            "os_profile_linux_config": [
              {
                "disable_password_authentication": false,
                "ssh_keys": []
              }
            ],
            "os_profile_secrets": [],
            "os_profile_windows_config": [],
            "plan": [],
            "primary_network_interface_id": null,
            "proximity_placement_group_id": null,
            "resource_group_name": "Azuredevops",
            "storage_data_disk": [],
            "storage_image_reference": [
              {
                "id": "/subscriptions/e2c7cd99-c3c5-4a90-9109-02e7d50f8311/resourceGroups/Azuredevops/providers/Microsoft.Compute/images/myPackerImage",
                "offer": "",
                "publisher": "",
                "sku": "",
                "version": ""
              }
            ],
            "storage_os_disk": [
              {
                "caching": "ReadWrite",
                "create_option": "FromImage",
                "disk_size_gb": 30,
                "image_uri": "",
                "managed_disk_id": "/subscriptions/e2c7cd99-c3c5-4a90-9109-02e7d50f8311/resourceGroups/Azuredevops/providers/Microsoft.Compute/disks/myOsDisk-assign",
                "managed_disk_type": "Standard_LRS",
                "name": "myOsDisk-assign",
                "os_type": "Linux",
                "vhd_uri": "",
                "write_accelerator_enabled": false
              }
            ],
            "tags": {
              "source": "NghiaUdacitylab"
            },
            "timeouts": null,
            "vm_size": "Standard_B2ms",
            "zones": []
          },
          "sensitive_attributes": [],
          "private": "eyJlMmJmYjczMC1lY2FhLTExZTYtOGY4OC0zNDM2M2JjN2M0YzAiOnsiY3JlYXRlIjozNjAwMDAwMDAwMDAwLCJkZWxldGUiOjM2MDAwMDAwMDAwMDAsInJlYWQiOjMwMDAwMDAwMDAwMCwidXBkYXRlIjozNjAwMDAwMDAwMDAwfX0=",
          "dependencies": [
            "azurerm_network_interface.myterraformnic",
            "azurerm_public_ip.myterraformpublicip3",
            "azurerm_subnet.myterraformsubnet",
            "azurerm_virtual_network.myterraformnetwork",
            "data.azurerm_image.custom"
          ]
        }
      ]
    },
    {
      "mode": "managed",
      "type": "azurerm_virtual_network",
      "name": "myterraformnetwork",
      "provider": "provider[\"registry.terraform.io/hashicorp/azurerm\"]",
      "instances": [
        {
          "schema_version": 0,
          "attributes": {
            "address_space": [
              "10.0.0.0/16"
            ],
            "bgp_community": "",
            "ddos_protection_plan": [],
            "dns_servers": [],
            "edge_zone": "",
            "encryption": [],
            "flow_timeout_in_minutes": 0,
            "guid": "0da8f0c1-9233-41ce-bc3c-b20e7d993be2",
            "id": "/subscriptions/e2c7cd99-c3c5-4a90-9109-02e7d50f8311/resourceGroups/Azuredevops/providers/Microsoft.Network/virtualNetworks/myVnet-assign2",
            "location": "eastus",
            "name": "myVnet-assign2",
            "resource_group_name": "Azuredevops",
            "subnet": [
              {
                "address_prefix": "10.0.1.0/24",
                "id": "/subscriptions/e2c7cd99-c3c5-4a90-9109-02e7d50f8311/resourceGroups/Azuredevops/providers/Microsoft.Network/virtualNetworks/myVnet-assign2/subnets/mySubnet-assign2",
                "name": "mySubnet-assign2",
                "security_group": "/subscriptions/e2c7cd99-c3c5-4a90-9109-02e7d50f8311/resourceGroups/Azuredevops/providers/Microsoft.Network/networkSecurityGroups/myNSG-assign2"
              }
            ],
            "tags": {
              "source": "NghiaUdacitylab"
            },
            "timeouts": null
          },
          "sensitive_attributes": [],
          "private": "eyJlMmJmYjczMC1lY2FhLTExZTYtOGY4OC0zNDM2M2JjN2M0YzAiOnsiY3JlYXRlIjoxODAwMDAwMDAwMDAwLCJkZWxldGUiOjE4MDAwMDAwMDAwMDAsInJlYWQiOjMwMDAwMDAwMDAwMCwidXBkYXRlIjoxODAwMDAwMDAwMDAwfX0="
        }
      ]
    }
  ],
  "check_results": null
}
